Microsoft Visual Studio Solution File, Format Version 12.00
# Visual Studio Version 17
Project("{FAE04EC0-301F-11D3-BF4B-00C04F79EFBC}") = "Identity.Domain", "src\Identity.Domain\Identity.Domain.csproj", "{11111111-0000-0000-0000-000000000001}"
EndProject
Project("{FAE04EC0-301F-11D3-BF4B-00C04F79EFBC}") = "Identity.Application", "src\Identity.Application\Identity.Application.csproj", "{11111111-0000-0000-0000-000000000002}"
EndProject
Project("{FAE04EC0-301F-11D3-BF4B-00C04F79EFBC}") = "Identity.Infrastructure", "src\Identity.Infrastructure\Identity.Infrastructure.csproj", "{11111111-0000-0000-0000-000000000003}"
EndProject
Project("{FAE04EC0-301F-11D3-BF4B-00C04F79EFBC}") = "Identity.Api", "src\Identity.Api\Identity.Api.csproj", "{11111111-0000-0000-0000-000000000004}"
EndProject
Project("{FAE04EC0-301F-11D3-BF4B-00C04F79EFBC}") = "BuildingBlocks", "..\..\shared\BuildingBlocks\BuildingBlocks.csproj", "{99999999-0000-0000-0000-000000000001}"
EndProject
Project("{FAE04EC0-301F-11D3-BF4B-00C04F79EFBC}") = "Identity.Contracts", "..\..\shared\contracts\Identity.Contracts\Identity.Contracts.csproj", "{99999999-0000-0000-0000-000000000002}"
EndProject
Global
	GlobalSection(SolutionConfigurationPlatforms) = preSolution
		Debug|Any CPU = Debug|Any CPU
		Release|Any CPU = Release|Any CPU
	EndGlobalSection
	GlobalSection(ProjectConfigurationPlatforms) = postSolution
		{11111111-0000-0000-0000-000000000001}.Debug|Any CPU.ActiveCfg = Debug|Any CPU
		{11111111-0000-0000-0000-000000000001}.Debug|Any CPU.Build.0 = Debug|Any CPU
		{11111111-0000-0000-0000-000000000001}.Release|Any CPU.ActiveCfg = Release|Any CPU
		{11111111-0000-0000-0000-000000000001}.Release|Any CPU.Build.0 = Release|Any CPU
		{11111111-0000-0000-0000-000000000002}.Debug|Any CPU.ActiveCfg = Debug|Any CPU
		{11111111-0000-0000-0000-000000000002}.Debug|Any CPU.Build.0 = Debug|Any CPU
		{11111111-0000-0000-0000-000000000002}.Release|Any CPU.ActiveCfg = Release|Any CPU
		{11111111-0000-0000-0000-000000000002}.Release|Any CPU.Build.0 = Release|Any CPU
		{11111111-0000-0000-0000-000000000003}.Debug|Any CPU.ActiveCfg = Debug|Any CPU
		{11111111-0000-0000-0000-000000000003}.Debug|Any CPU.Build.0 = Debug|Any CPU
		{11111111-0000-0000-0000-000000000003}.Release|Any CPU.ActiveCfg = Release|Any CPU
		{11111111-0000-0000-0000-000000000003}.Release|Any CPU.Build.0 = Release|Any CPU
		{11111111-0000-0000-0000-000000000004}.Debug|Any CPU.ActiveCfg = Debug|Any CPU
		{11111111-0000-0000-0000-000000000004}.Debug|Any CPU.Build.0 = Debug|Any CPU
		{11111111-0000-0000-0000-000000000004}.Release|Any CPU.ActiveCfg = Release|Any CPU
		{11111111-0000-0000-0000-000000000004}.Release|Any CPU.Build.0 = Release|Any CPU
		{99999999-0000-0000-0000-000000000001}.Debug|Any CPU.ActiveCfg = Debug|Any CPU
		{99999999-0000-0000-0000-000000000001}.Debug|Any CPU.Build.0 = Debug|Any CPU
		{99999999-0000-0000-0000-000000000001}.Release|Any CPU.ActiveCfg = Release|Any CPU
		{99999999-0000-0000-0000-000000000001}.Release|Any CPU.Build.0 = Release|Any CPU
		{99999999-0000-0000-0000-000000000002}.Debug|Any CPU.ActiveCfg = Debug|Any CPU
		{99999999-0000-0000-0000-000000000002}.Debug|Any CPU.Build.0 = Debug|Any CPU
		{99999999-0000-0000-0000-000000000002}.Release|Any CPU.ActiveCfg = Release|Any CPU
		{99999999-0000-0000-0000-000000000002}.Release|Any CPU.Build.0 = Release|Any CPU
	EndGlobalSection
EndGlobal
