
Microsoft Visual Studio Solution File, Format Version 12.00
# Visual Studio Version 17
VisualStudioVersion = 17.0.31903.59
MinimumVisualStudioVersion = 10.0.40219.1
Project("{2150E333-8FDC-42A3-9474-1A3956D46DE8}") = "src", "src", "{827E0CD3-B72D-47B6-A68D-7590B98EB39B}"
EndProject
Project("{FAE04EC0-301F-11D3-BF4B-00C04F79EFBC}") = "BuildingBlocks", "src\BuildingBlocks\BuildingBlocks.csproj", "{0F297044-3514-407F-AE4F-E2EA6D4E70E6}"
EndProject
Project("{2150E333-8FDC-42A3-9474-1A3956D46DE8}") = "Contracts", "Contracts", "{FFBE31B8-50B9-B415-22BC-2F92C97CADA3}"
EndProject
Project("{FAE04EC0-301F-11D3-BF4B-00C04F79EFBC}") = "Catalog.Contracts", "src\Contracts\Catalog.Contracts\Catalog.Contracts.csproj", "{F6317601-D3EC-48F8-9EBB-367A2751CA98}"
EndProject
Project("{FAE04EC0-301F-11D3-BF4B-00C04F79EFBC}") = "Orders.Contracts", "src\Contracts\Orders.Contracts\Orders.Contracts.csproj", "{1E785456-7038-4119-B0AE-8EAB184FE541}"
EndProject
Project("{FAE04EC0-301F-11D3-BF4B-00C04F79EFBC}") = "Platform.Contracts", "src\Contracts\Platform.Contracts\Platform.Contracts.csproj", "{540B89F6-B835-4F82-B56E-74910EF687F0}"
EndProject
Project("{2150E333-8FDC-42A3-9474-1A3956D46DE8}") = "Modules", "Modules", "{EC447DCF-ABFA-6E24-52A5-D7FD48A5C558}"
EndProject
Project("{FAE04EC0-301F-11D3-BF4B-00C04F79EFBC}") = "Catalog", "src\Modules\Catalog\Catalog.csproj", "{3FEE9D97-FCAF-49E1-91C3-985C208A2838}"
EndProject
Project("{FAE04EC0-301F-11D3-BF4B-00C04F79EFBC}") = "Orders", "src\Modules\Orders\Orders.csproj", "{C56860C1-81AA-431A-81D7-C4B93A69050F}"
EndProject
Project("{FAE04EC0-301F-11D3-BF4B-00C04F79EFBC}") = "Platform", "src\Modules\Platform\Platform.csproj", "{FE1050E0-419D-43EB-ACD7-427C1980D96C}"
EndProject
Project("{2150E333-8FDC-42A3-9474-1A3956D46DE8}") = "Hosts", "Hosts", "{C79C3622-AC92-5B3C-4F71-0BD0E7B3816F}"
EndProject
Project("{FAE04EC0-301F-11D3-BF4B-00C04F79EFBC}") = "Api", "src\Hosts\Api\Api.csproj", "{15D6F9ED-AD50-4469-9026-9C97CCC676B1}"
EndProject
Project("{2150E333-8FDC-42A3-9474-1A3956D46DE8}") = "tests", "tests", "{0AB3BF05-4346-4AA6-1389-037BE0695223}"
EndProject
Project("{FAE04EC0-301F-11D3-BF4B-00C04F79EFBC}") = "ArchitectureTests", "tests\ArchitectureTests\ArchitectureTests.csproj", "{C52801D9-C833-4746-A466-0BAFD7773E2F}"
EndProject
Project("{FAE04EC0-301F-11D3-BF4B-00C04F79EFBC}") = "Platform.UnitTests", "tests\Platform.UnitTests\Platform.UnitTests.csproj", "{19AD0A75-EABC-4481-981A-ED6EA06816E6}"
EndProject
Project("{FAE04EC0-301F-11D3-BF4B-00C04F79EFBC}") = "Platform.IntegrationTests", "tests\Platform.IntegrationTests\Platform.IntegrationTests.csproj", "{08992661-3805-44BF-813B-C8BC74E7CA70}"
EndProject
Project("{FAE04EC0-301F-11D3-BF4B-00C04F79EFBC}") = "Catalog.UnitTests", "tests\Catalog.UnitTests\Catalog.UnitTests.csproj", "{7A499D27-63EA-4681-9FB3-0D33E999A990}"
EndProject
Project("{FAE04EC0-301F-11D3-BF4B-00C04F79EFBC}") = "Catalog.IntegrationTests", "tests\Catalog.IntegrationTests\Catalog.IntegrationTests.csproj", "{D0D007D3-7F22-4901-ADD4-8712FC5C620F}"
EndProject
Project("{FAE04EC0-301F-11D3-BF4B-00C04F79EFBC}") = "Orders.UnitTests", "tests\Orders.UnitTests\Orders.UnitTests.csproj", "{4118B990-EB13-494A-A3FF-DF923CD06E0B}"
EndProject
Project("{FAE04EC0-301F-11D3-BF4B-00C04F79EFBC}") = "Orders.IntegrationTests", "tests\Orders.IntegrationTests\Orders.IntegrationTests.csproj", "{AB14DF7C-8D5D-44D5-8911-044C7A9F920C}"
EndProject
Project("{FAE04EC0-301F-11D3-BF4B-00C04F79EFBC}") = "EndToEndTests", "tests\EndToEndTests\EndToEndTests.csproj", "{656F8077-B7A2-464F-839F-8ACD690D97F2}"
EndProject
Global
	GlobalSection(SolutionConfigurationPlatforms) = preSolution
		Debug|Any CPU = Debug|Any CPU
		Debug|x64 = Debug|x64
		Debug|x86 = Debug|x86
		Release|Any CPU = Release|Any CPU
		Release|x64 = Release|x64
		Release|x86 = Release|x86
	EndGlobalSection
	GlobalSection(ProjectConfigurationPlatforms) = postSolution
		{0F297044-3514-407F-AE4F-E2EA6D4E70E6}.Debug|Any CPU.ActiveCfg = Debug|Any CPU
		{0F297044-3514-407F-AE4F-E2EA6D4E70E6}.Debug|Any CPU.Build.0 = Debug|Any CPU
		{0F297044-3514-407F-AE4F-E2EA6D4E70E6}.Debug|x64.ActiveCfg = Debug|Any CPU
		{0F297044-3514-407F-AE4F-E2EA6D4E70E6}.Debug|x64.Build.0 = Debug|Any CPU
		{0F297044-3514-407F-AE4F-E2EA6D4E70E6}.Debug|x86.ActiveCfg = Debug|Any CPU
		{0F297044-3514-407F-AE4F-E2EA6D4E70E6}.Debug|x86.Build.0 = Debug|Any CPU
		{0F297044-3514-407F-AE4F-E2EA6D4E70E6}.Release|Any CPU.ActiveCfg = Release|Any CPU
		{0F297044-3514-407F-AE4F-E2EA6D4E70E6}.Release|Any CPU.Build.0 = Release|Any CPU
		{0F297044-3514-407F-AE4F-E2EA6D4E70E6}.Release|x64.ActiveCfg = Release|Any CPU
		{0F297044-3514-407F-AE4F-E2EA6D4E70E6}.Release|x64.Build.0 = Release|Any CPU
		{0F297044-3514-407F-AE4F-E2EA6D4E70E6}.Release|x86.ActiveCfg = Release|Any CPU
		{0F297044-3514-407F-AE4F-E2EA6D4E70E6}.Release|x86.Build.0 = Release|Any CPU
		{F6317601-D3EC-48F8-9EBB-367A2751CA98}.Debug|Any CPU.ActiveCfg = Debug|Any CPU
		{F6317601-D3EC-48F8-9EBB-367A2751CA98}.Debug|Any CPU.Build.0 = Debug|Any CPU
		{F6317601-D3EC-48F8-9EBB-367A2751CA98}.Debug|x64.ActiveCfg = Debug|Any CPU
		{F6317601-D3EC-48F8-9EBB-367A2751CA98}.Debug|x64.Build.0 = Debug|Any CPU
		{F6317601-D3EC-48F8-9EBB-367A2751CA98}.Debug|x86.ActiveCfg = Debug|Any CPU
		{F6317601-D3EC-48F8-9EBB-367A2751CA98}.Debug|x86.Build.0 = Debug|Any CPU
		{F6317601-D3EC-48F8-9EBB-367A2751CA98}.Release|Any CPU.ActiveCfg = Release|Any CPU
		{F6317601-D3EC-48F8-9EBB-367A2751CA98}.Release|Any CPU.Build.0 = Release|Any CPU
		{F6317601-D3EC-48F8-9EBB-367A2751CA98}.Release|x64.ActiveCfg = Release|Any CPU
		{F6317601-D3EC-48F8-9EBB-367A2751CA98}.Release|x64.Build.0 = Release|Any CPU
		{F6317601-D3EC-48F8-9EBB-367A2751CA98}.Release|x86.ActiveCfg = Release|Any CPU
		{F6317601-D3EC-48F8-9EBB-367A2751CA98}.Release|x86.Build.0 = Release|Any CPU
		{1E785456-7038-4119-B0AE-8EAB184FE541}.Debug|Any CPU.ActiveCfg = Debug|Any CPU
		{1E785456-7038-4119-B0AE-8EAB184FE541}.Debug|Any CPU.Build.0 = Debug|Any CPU
		{1E785456-7038-4119-B0AE-8EAB184FE541}.Debug|x64.ActiveCfg = Debug|Any CPU
		{1E785456-7038-4119-B0AE-8EAB184FE541}.Debug|x64.Build.0 = Debug|Any CPU
		{1E785456-7038-4119-B0AE-8EAB184FE541}.Debug|x86.ActiveCfg = Debug|Any CPU
		{1E785456-7038-4119-B0AE-8EAB184FE541}.Debug|x86.Build.0 = Debug|Any CPU
		{1E785456-7038-4119-B0AE-8EAB184FE541}.Release|Any CPU.ActiveCfg = Release|Any CPU
		{1E785456-7038-4119-B0AE-8EAB184FE541}.Release|Any CPU.Build.0 = Release|Any CPU
		{1E785456-7038-4119-B0AE-8EAB184FE541}.Release|x64.ActiveCfg = Release|Any CPU
		{1E785456-7038-4119-B0AE-8EAB184FE541}.Release|x64.Build.0 = Release|Any CPU
		{1E785456-7038-4119-B0AE-8EAB184FE541}.Release|x86.ActiveCfg = Release|Any CPU
		{1E785456-7038-4119-B0AE-8EAB184FE541}.Release|x86.Build.0 = Release|Any CPU
		{540B89F6-B835-4F82-B56E-74910EF687F0}.Debug|Any CPU.ActiveCfg = Debug|Any CPU
		{540B89F6-B835-4F82-B56E-74910EF687F0}.Debug|Any CPU.Build.0 = Debug|Any CPU
		{540B89F6-B835-4F82-B56E-74910EF687F0}.Debug|x64.ActiveCfg = Debug|Any CPU
		{540B89F6-B835-4F82-B56E-74910EF687F0}.Debug|x64.Build.0 = Debug|Any CPU
		{540B89F6-B835-4F82-B56E-74910EF687F0}.Debug|x86.ActiveCfg = Debug|Any CPU
		{540B89F6-B835-4F82-B56E-74910EF687F0}.Debug|x86.Build.0 = Debug|Any CPU
		{540B89F6-B835-4F82-B56E-74910EF687F0}.Release|Any CPU.ActiveCfg = Release|Any CPU
		{540B89F6-B835-4F82-B56E-74910EF687F0}.Release|Any CPU.Build.0 = Release|Any CPU
		{540B89F6-B835-4F82-B56E-74910EF687F0}.Release|x64.ActiveCfg = Release|Any CPU
		{540B89F6-B835-4F82-B56E-74910EF687F0}.Release|x64.Build.0 = Release|Any CPU
		{540B89F6-B835-4F82-B56E-74910EF687F0}.Release|x86.ActiveCfg = Release|Any CPU
		{540B89F6-B835-4F82-B56E-74910EF687F0}.Release|x86.Build.0 = Release|Any CPU
		{3FEE9D97-FCAF-49E1-91C3-985C208A2838}.Debug|Any CPU.ActiveCfg = Debug|Any CPU
		{3FEE9D97-FCAF-49E1-91C3-985C208A2838}.Debug|Any CPU.Build.0 = Debug|Any CPU
		{3FEE9D97-FCAF-49E1-91C3-985C208A2838}.Debug|x64.ActiveCfg = Debug|Any CPU
		{3FEE9D97-FCAF-49E1-91C3-985C208A2838}.Debug|x64.Build.0 = Debug|Any CPU
		{3FEE9D97-FCAF-49E1-91C3-985C208A2838}.Debug|x86.ActiveCfg = Debug|Any CPU
		{3FEE9D97-FCAF-49E1-91C3-985C208A2838}.Debug|x86.Build.0 = Debug|Any CPU
		{3FEE9D97-FCAF-49E1-91C3-985C208A2838}.Release|Any CPU.ActiveCfg = Release|Any CPU
		{3FEE9D97-FCAF-49E1-91C3-985C208A2838}.Release|Any CPU.Build.0 = Release|Any CPU
		{3FEE9D97-FCAF-49E1-91C3-985C208A2838}.Release|x64.ActiveCfg = Release|Any CPU
		{3FEE9D97-FCAF-49E1-91C3-985C208A2838}.Release|x64.Build.0 = Release|Any CPU
		{3FEE9D97-FCAF-49E1-91C3-985C208A2838}.Release|x86.ActiveCfg = Release|Any CPU
		{3FEE9D97-FCAF-49E1-91C3-985C208A2838}.Release|x86.Build.0 = Release|Any CPU
		{C56860C1-81AA-431A-81D7-C4B93A69050F}.Debug|Any CPU.ActiveCfg = Debug|Any CPU
		{C56860C1-81AA-431A-81D7-C4B93A69050F}.Debug|Any CPU.Build.0 = Debug|Any CPU
		{C56860C1-81AA-431A-81D7-C4B93A69050F}.Debug|x64.ActiveCfg = Debug|Any CPU
		{C56860C1-81AA-431A-81D7-C4B93A69050F}.Debug|x64.Build.0 = Debug|Any CPU
		{C56860C1-81AA-431A-81D7-C4B93A69050F}.Debug|x86.ActiveCfg = Debug|Any CPU
		{C56860C1-81AA-431A-81D7-C4B93A69050F}.Debug|x86.Build.0 = Debug|Any CPU
		{C56860C1-81AA-431A-81D7-C4B93A69050F}.Release|Any CPU.ActiveCfg = Release|Any CPU
		{C56860C1-81AA-431A-81D7-C4B93A69050F}.Release|Any CPU.Build.0 = Release|Any CPU
		{C56860C1-81AA-431A-81D7-C4B93A69050F}.Release|x64.ActiveCfg = Release|Any CPU
		{C56860C1-81AA-431A-81D7-C4B93A69050F}.Release|x64.Build.0 = Release|Any CPU
		{C56860C1-81AA-431A-81D7-C4B93A69050F}.Release|x86.ActiveCfg = Release|Any CPU
		{C56860C1-81AA-431A-81D7-C4B93A69050F}.Release|x86.Build.0 = Release|Any CPU
		{FE1050E0-419D-43EB-ACD7-427C1980D96C}.Debug|Any CPU.ActiveCfg = Debug|Any CPU
		{FE1050E0-419D-43EB-ACD7-427C1980D96C}.Debug|Any CPU.Build.0 = Debug|Any CPU
		{FE1050E0-419D-43EB-ACD7-427C1980D96C}.Debug|x64.ActiveCfg = Debug|Any CPU
		{FE1050E0-419D-43EB-ACD7-427C1980D96C}.Debug|x64.Build.0 = Debug|Any CPU
		{FE1050E0-419D-43EB-ACD7-427C1980D96C}.Debug|x86.ActiveCfg = Debug|Any CPU
		{FE1050E0-419D-43EB-ACD7-427C1980D96C}.Debug|x86.Build.0 = Debug|Any CPU
		{FE1050E0-419D-43EB-ACD7-427C1980D96C}.Release|Any CPU.ActiveCfg = Release|Any CPU
		{FE1050E0-419D-43EB-ACD7-427C1980D96C}.Release|Any CPU.Build.0 = Release|Any CPU
		{FE1050E0-419D-43EB-ACD7-427C1980D96C}.Release|x64.ActiveCfg = Release|Any CPU
		{FE1050E0-419D-43EB-ACD7-427C1980D96C}.Release|x64.Build.0 = Release|Any CPU
		{FE1050E0-419D-43EB-ACD7-427C1980D96C}.Release|x86.ActiveCfg = Release|Any CPU
		{FE1050E0-419D-43EB-ACD7-427C1980D96C}.Release|x86.Build.0 = Release|Any CPU
		{15D6F9ED-AD50-4469-9026-9C97CCC676B1}.Debug|Any CPU.ActiveCfg = Debug|Any CPU
		{15D6F9ED-AD50-4469-9026-9C97CCC676B1}.Debug|Any CPU.Build.0 = Debug|Any CPU
		{15D6F9ED-AD50-4469-9026-9C97CCC676B1}.Debug|x64.ActiveCfg = Debug|Any CPU
		{15D6F9ED-AD50-4469-9026-9C97CCC676B1}.Debug|x64.Build.0 = Debug|Any CPU
		{15D6F9ED-AD50-4469-9026-9C97CCC676B1}.Debug|x86.ActiveCfg = Debug|Any CPU
		{15D6F9ED-AD50-4469-9026-9C97CCC676B1}.Debug|x86.Build.0 = Debug|Any CPU
		{15D6F9ED-AD50-4469-9026-9C97CCC676B1}.Release|Any CPU.ActiveCfg = Release|Any CPU
		{15D6F9ED-AD50-4469-9026-9C97CCC676B1}.Release|Any CPU.Build.0 = Release|Any CPU
		{15D6F9ED-AD50-4469-9026-9C97CCC676B1}.Release|x64.ActiveCfg = Release|Any CPU
		{15D6F9ED-AD50-4469-9026-9C97CCC676B1}.Release|x64.Build.0 = Release|Any CPU
		{15D6F9ED-AD50-4469-9026-9C97CCC676B1}.Release|x86.ActiveCfg = Release|Any CPU
		{15D6F9ED-AD50-4469-9026-9C97CCC676B1}.Release|x86.Build.0 = Release|Any CPU
		{C52801D9-C833-4746-A466-0BAFD7773E2F}.Debug|Any CPU.ActiveCfg = Debug|Any CPU
		{C52801D9-C833-4746-A466-0BAFD7773E2F}.Debug|Any CPU.Build.0 = Debug|Any CPU
		{C52801D9-C833-4746-A466-0BAFD7773E2F}.Debug|x64.ActiveCfg = Debug|Any CPU
		{C52801D9-C833-4746-A466-0BAFD7773E2F}.Debug|x64.Build.0 = Debug|Any CPU
		{C52801D9-C833-4746-A466-0BAFD7773E2F}.Debug|x86.ActiveCfg = Debug|Any CPU
		{C52801D9-C833-4746-A466-0BAFD7773E2F}.Debug|x86.Build.0 = Debug|Any CPU
		{C52801D9-C833-4746-A466-0BAFD7773E2F}.Release|Any CPU.ActiveCfg = Release|Any CPU
		{C52801D9-C833-4746-A466-0BAFD7773E2F}.Release|Any CPU.Build.0 = Release|Any CPU
		{C52801D9-C833-4746-A466-0BAFD7773E2F}.Release|x64.ActiveCfg = Release|Any CPU
		{C52801D9-C833-4746-A466-0BAFD7773E2F}.Release|x64.Build.0 = Release|Any CPU
		{C52801D9-C833-4746-A466-0BAFD7773E2F}.Release|x86.ActiveCfg = Release|Any CPU
		{C52801D9-C833-4746-A466-0BAFD7773E2F}.Release|x86.Build.0 = Release|Any CPU
		{19AD0A75-EABC-4481-981A-ED6EA06816E6}.Debug|Any CPU.ActiveCfg = Debug|Any CPU
		{19AD0A75-EABC-4481-981A-ED6EA06816E6}.Debug|Any CPU.Build.0 = Debug|Any CPU
		{19AD0A75-EABC-4481-981A-ED6EA06816E6}.Debug|x64.ActiveCfg = Debug|Any CPU
		{19AD0A75-EABC-4481-981A-ED6EA06816E6}.Debug|x64.Build.0 = Debug|Any CPU
		{19AD0A75-EABC-4481-981A-ED6EA06816E6}.Debug|x86.ActiveCfg = Debug|Any CPU
		{19AD0A75-EABC-4481-981A-ED6EA06816E6}.Debug|x86.Build.0 = Debug|Any CPU
		{19AD0A75-EABC-4481-981A-ED6EA06816E6}.Release|Any CPU.ActiveCfg = Release|Any CPU
		{19AD0A75-EABC-4481-981A-ED6EA06816E6}.Release|Any CPU.Build.0 = Release|Any CPU
		{19AD0A75-EABC-4481-981A-ED6EA06816E6}.Release|x64.ActiveCfg = Release|Any CPU
		{19AD0A75-EABC-4481-981A-ED6EA06816E6}.Release|x64.Build.0 = Release|Any CPU
		{19AD0A75-EABC-4481-981A-ED6EA06816E6}.Release|x86.ActiveCfg = Release|Any CPU
		{19AD0A75-EABC-4481-981A-ED6EA06816E6}.Release|x86.Build.0 = Release|Any CPU
		{08992661-3805-44BF-813B-C8BC74E7CA70}.Debug|Any CPU.ActiveCfg = Debug|Any CPU
		{08992661-3805-44BF-813B-C8BC74E7CA70}.Debug|Any CPU.Build.0 = Debug|Any CPU
		{08992661-3805-44BF-813B-C8BC74E7CA70}.Debug|x64.ActiveCfg = Debug|Any CPU
		{08992661-3805-44BF-813B-C8BC74E7CA70}.Debug|x64.Build.0 = Debug|Any CPU
		{08992661-3805-44BF-813B-C8BC74E7CA70}.Debug|x86.ActiveCfg = Debug|Any CPU
		{08992661-3805-44BF-813B-C8BC74E7CA70}.Debug|x86.Build.0 = Debug|Any CPU
		{08992661-3805-44BF-813B-C8BC74E7CA70}.Release|Any CPU.ActiveCfg = Release|Any CPU
		{08992661-3805-44BF-813B-C8BC74E7CA70}.Release|Any CPU.Build.0 = Release|Any CPU
		{08992661-3805-44BF-813B-C8BC74E7CA70}.Release|x64.ActiveCfg = Release|Any CPU
		{08992661-3805-44BF-813B-C8BC74E7CA70}.Release|x64.Build.0 = Release|Any CPU
		{08992661-3805-44BF-813B-C8BC74E7CA70}.Release|x86.ActiveCfg = Release|Any CPU
		{08992661-3805-44BF-813B-C8BC74E7CA70}.Release|x86.Build.0 = Release|Any CPU
		{7A499D27-63EA-4681-9FB3-0D33E999A990}.Debug|Any CPU.ActiveCfg = Debug|Any CPU
		{7A499D27-63EA-4681-9FB3-0D33E999A990}.Debug|Any CPU.Build.0 = Debug|Any CPU
		{7A499D27-63EA-4681-9FB3-0D33E999A990}.Debug|x64.ActiveCfg = Debug|Any CPU
		{7A499D27-63EA-4681-9FB3-0D33E999A990}.Debug|x64.Build.0 = Debug|Any CPU
		{7A499D27-63EA-4681-9FB3-0D33E999A990}.Debug|x86.ActiveCfg = Debug|Any CPU
		{7A499D27-63EA-4681-9FB3-0D33E999A990}.Debug|x86.Build.0 = Debug|Any CPU
		{7A499D27-63EA-4681-9FB3-0D33E999A990}.Release|Any CPU.ActiveCfg = Release|Any CPU
		{7A499D27-63EA-4681-9FB3-0D33E999A990}.Release|Any CPU.Build.0 = Release|Any CPU
		{7A499D27-63EA-4681-9FB3-0D33E999A990}.Release|x64.ActiveCfg = Release|Any CPU
		{7A499D27-63EA-4681-9FB3-0D33E999A990}.Release|x64.Build.0 = Release|Any CPU
		{7A499D27-63EA-4681-9FB3-0D33E999A990}.Release|x86.ActiveCfg = Release|Any CPU
		{7A499D27-63EA-4681-9FB3-0D33E999A990}.Release|x86.Build.0 = Release|Any CPU
		{D0D007D3-7F22-4901-ADD4-8712FC5C620F}.Debug|Any CPU.ActiveCfg = Debug|Any CPU
		{D0D007D3-7F22-4901-ADD4-8712FC5C620F}.Debug|Any CPU.Build.0 = Debug|Any CPU
		{D0D007D3-7F22-4901-ADD4-8712FC5C620F}.Debug|x64.ActiveCfg = Debug|Any CPU
		{D0D007D3-7F22-4901-ADD4-8712FC5C620F}.Debug|x64.Build.0 = Debug|Any CPU
		{D0D007D3-7F22-4901-ADD4-8712FC5C620F}.Debug|x86.ActiveCfg = Debug|Any CPU
		{D0D007D3-7F22-4901-ADD4-8712FC5C620F}.Debug|x86.Build.0 = Debug|Any CPU
		{D0D007D3-7F22-4901-ADD4-8712FC5C620F}.Release|Any CPU.ActiveCfg = Release|Any CPU
		{D0D007D3-7F22-4901-ADD4-8712FC5C620F}.Release|Any CPU.Build.0 = Release|Any CPU
		{D0D007D3-7F22-4901-ADD4-8712FC5C620F}.Release|x64.ActiveCfg = Release|Any CPU
		{D0D007D3-7F22-4901-ADD4-8712FC5C620F}.Release|x64.Build.0 = Release|Any CPU
		{D0D007D3-7F22-4901-ADD4-8712FC5C620F}.Release|x86.ActiveCfg = Release|Any CPU
		{D0D007D3-7F22-4901-ADD4-8712FC5C620F}.Release|x86.Build.0 = Release|Any CPU
		{4118B990-EB13-494A-A3FF-DF923CD06E0B}.Debug|Any CPU.ActiveCfg = Debug|Any CPU
		{4118B990-EB13-494A-A3FF-DF923CD06E0B}.Debug|Any CPU.Build.0 = Debug|Any CPU
		{4118B990-EB13-494A-A3FF-DF923CD06E0B}.Debug|x64.ActiveCfg = Debug|Any CPU
		{4118B990-EB13-494A-A3FF-DF923CD06E0B}.Debug|x64.Build.0 = Debug|Any CPU
		{4118B990-EB13-494A-A3FF-DF923CD06E0B}.Debug|x86.ActiveCfg = Debug|Any CPU
		{4118B990-EB13-494A-A3FF-DF923CD06E0B}.Debug|x86.Build.0 = Debug|Any CPU
		{4118B990-EB13-494A-A3FF-DF923CD06E0B}.Release|Any CPU.ActiveCfg = Release|Any CPU
		{4118B990-EB13-494A-A3FF-DF923CD06E0B}.Release|Any CPU.Build.0 = Release|Any CPU
		{4118B990-EB13-494A-A3FF-DF923CD06E0B}.Release|x64.ActiveCfg = Release|Any CPU
		{4118B990-EB13-494A-A3FF-DF923CD06E0B}.Release|x64.Build.0 = Release|Any CPU
		{4118B990-EB13-494A-A3FF-DF923CD06E0B}.Release|x86.ActiveCfg = Release|Any CPU
		{4118B990-EB13-494A-A3FF-DF923CD06E0B}.Release|x86.Build.0 = Release|Any CPU
		{AB14DF7C-8D5D-44D5-8911-044C7A9F920C}.Debug|Any CPU.ActiveCfg = Debug|Any CPU
		{AB14DF7C-8D5D-44D5-8911-044C7A9F920C}.Debug|Any CPU.Build.0 = Debug|Any CPU
		{AB14DF7C-8D5D-44D5-8911-044C7A9F920C}.Debug|x64.ActiveCfg = Debug|Any CPU
		{AB14DF7C-8D5D-44D5-8911-044C7A9F920C}.Debug|x64.Build.0 = Debug|Any CPU
		{AB14DF7C-8D5D-44D5-8911-044C7A9F920C}.Debug|x86.ActiveCfg = Debug|Any CPU
		{AB14DF7C-8D5D-44D5-8911-044C7A9F920C}.Debug|x86.Build.0 = Debug|Any CPU
		{AB14DF7C-8D5D-44D5-8911-044C7A9F920C}.Release|Any CPU.ActiveCfg = Release|Any CPU
		{AB14DF7C-8D5D-44D5-8911-044C7A9F920C}.Release|Any CPU.Build.0 = Release|Any CPU
		{AB14DF7C-8D5D-44D5-8911-044C7A9F920C}.Release|x64.ActiveCfg = Release|Any CPU
		{AB14DF7C-8D5D-44D5-8911-044C7A9F920C}.Release|x64.Build.0 = Release|Any CPU
		{AB14DF7C-8D5D-44D5-8911-044C7A9F920C}.Release|x86.ActiveCfg = Release|Any CPU
		{AB14DF7C-8D5D-44D5-8911-044C7A9F920C}.Release|x86.Build.0 = Release|Any CPU
		{656F8077-B7A2-464F-839F-8ACD690D97F2}.Debug|Any CPU.ActiveCfg = Debug|Any CPU
		{656F8077-B7A2-464F-839F-8ACD690D97F2}.Debug|Any CPU.Build.0 = Debug|Any CPU
		{656F8077-B7A2-464F-839F-8ACD690D97F2}.Debug|x64.ActiveCfg = Debug|Any CPU
		{656F8077-B7A2-464F-839F-8ACD690D97F2}.Debug|x64.Build.0 = Debug|Any CPU
		{656F8077-B7A2-464F-839F-8ACD690D97F2}.Debug|x86.ActiveCfg = Debug|Any CPU
		{656F8077-B7A2-464F-839F-8ACD690D97F2}.Debug|x86.Build.0 = Debug|Any CPU
		{656F8077-B7A2-464F-839F-8ACD690D97F2}.Release|Any CPU.ActiveCfg = Release|Any CPU
		{656F8077-B7A2-464F-839F-8ACD690D97F2}.Release|Any CPU.Build.0 = Release|Any CPU
		{656F8077-B7A2-464F-839F-8ACD690D97F2}.Release|x64.ActiveCfg = Release|Any CPU
		{656F8077-B7A2-464F-839F-8ACD690D97F2}.Release|x64.Build.0 = Release|Any CPU
		{656F8077-B7A2-464F-839F-8ACD690D97F2}.Release|x86.ActiveCfg = Release|Any CPU
		{656F8077-B7A2-464F-839F-8ACD690D97F2}.Release|x86.Build.0 = Release|Any CPU
	EndGlobalSection
	GlobalSection(SolutionProperties) = preSolution
		HideSolutionNode = FALSE
	EndGlobalSection
	GlobalSection(NestedProjects) = preSolution
		{0F297044-3514-407F-AE4F-E2EA6D4E70E6} = {827E0CD3-B72D-47B6-A68D-7590B98EB39B}
		{FFBE31B8-50B9-B415-22BC-2F92C97CADA3} = {827E0CD3-B72D-47B6-A68D-7590B98EB39B}
		{F6317601-D3EC-48F8-9EBB-367A2751CA98} = {FFBE31B8-50B9-B415-22BC-2F92C97CADA3}
		{1E785456-7038-4119-B0AE-8EAB184FE541} = {FFBE31B8-50B9-B415-22BC-2F92C97CADA3}
		{540B89F6-B835-4F82-B56E-74910EF687F0} = {FFBE31B8-50B9-B415-22BC-2F92C97CADA3}
		{EC447DCF-ABFA-6E24-52A5-D7FD48A5C558} = {827E0CD3-B72D-47B6-A68D-7590B98EB39B}
		{3FEE9D97-FCAF-49E1-91C3-985C208A2838} = {EC447DCF-ABFA-6E24-52A5-D7FD48A5C558}
		{C56860C1-81AA-431A-81D7-C4B93A69050F} = {EC447DCF-ABFA-6E24-52A5-D7FD48A5C558}
		{FE1050E0-419D-43EB-ACD7-427C1980D96C} = {EC447DCF-ABFA-6E24-52A5-D7FD48A5C558}
		{C79C3622-AC92-5B3C-4F71-0BD0E7B3816F} = {827E0CD3-B72D-47B6-A68D-7590B98EB39B}
		{15D6F9ED-AD50-4469-9026-9C97CCC676B1} = {C79C3622-AC92-5B3C-4F71-0BD0E7B3816F}
		{C52801D9-C833-4746-A466-0BAFD7773E2F} = {0AB3BF05-4346-4AA6-1389-037BE0695223}
		{19AD0A75-EABC-4481-981A-ED6EA06816E6} = {0AB3BF05-4346-4AA6-1389-037BE0695223}
		{08992661-3805-44BF-813B-C8BC74E7CA70} = {0AB3BF05-4346-4AA6-1389-037BE0695223}
		{7A499D27-63EA-4681-9FB3-0D33E999A990} = {0AB3BF05-4346-4AA6-1389-037BE0695223}
		{D0D007D3-7F22-4901-ADD4-8712FC5C620F} = {0AB3BF05-4346-4AA6-1389-037BE0695223}
		{4118B990-EB13-494A-A3FF-DF923CD06E0B} = {0AB3BF05-4346-4AA6-1389-037BE0695223}
		{AB14DF7C-8D5D-44D5-8911-044C7A9F920C} = {0AB3BF05-4346-4AA6-1389-037BE0695223}
		{656F8077-B7A2-464F-839F-8ACD690D97F2} = {0AB3BF05-4346-4AA6-1389-037BE0695223}
	EndGlobalSection
EndGlobal
