
Microsoft Visual Studio Solution File, Format Version 12.00
# Visual Studio Version 17
VisualStudioVersion = 17.0.31903.59
MinimumVisualStudioVersion = 10.0.40219.1
Project("{2150E333-8FDC-42A3-9474-1A3956D46DE8}") = "src", "src", "{827E0CD3-B72D-47B6-A68D-7590B98EB39B}"
EndProject
Project("{FAE04EC0-301F-11D3-BF4B-00C04F79EFBC}") = "Marketplace.Domain", "src\Marketplace.Domain\Marketplace.Domain.csproj", "{6AF5F167-D771-42AE-8606-DAF311091A9E}"
EndProject
Project("{FAE04EC0-301F-11D3-BF4B-00C04F79EFBC}") = "Marketplace.Application", "src\Marketplace.Application\Marketplace.Application.csproj", "{F556CC87-CD6C-4DAB-8C40-FFF7F9EBB2EC}"
EndProject
Project("{FAE04EC0-301F-11D3-BF4B-00C04F79EFBC}") = "Marketplace.Infrastructure", "src\Marketplace.Infrastructure\Marketplace.Infrastructure.csproj", "{B4BCDFED-BBD0-42B4-8DDB-C9014A9074ED}"
EndProject
Project("{FAE04EC0-301F-11D3-BF4B-00C04F79EFBC}") = "Marketplace.Api", "src\Marketplace.Api\Marketplace.Api.csproj", "{2F993340-6C3B-4DB1-B276-09AD72D93452}"
EndProject
Project("{2150E333-8FDC-42A3-9474-1A3956D46DE8}") = "tests", "tests", "{0AB3BF05-4346-4AA6-1389-037BE0695223}"
EndProject
Project("{FAE04EC0-301F-11D3-BF4B-00C04F79EFBC}") = "Marketplace.Domain.Tests", "tests\Marketplace.Domain.Tests\Marketplace.Domain.Tests.csproj", "{0E9F8937-3B30-4F90-A876-D086A69C553F}"
EndProject
Project("{FAE04EC0-301F-11D3-BF4B-00C04F79EFBC}") = "Marketplace.Application.Tests", "tests\Marketplace.Application.Tests\Marketplace.Application.Tests.csproj", "{5306ADAD-97BB-4EED-9202-DC3944307434}"
EndProject
Project("{FAE04EC0-301F-11D3-BF4B-00C04F79EFBC}") = "Marketplace.Infrastructure.Tests", "tests\Marketplace.Infrastructure.Tests\Marketplace.Infrastructure.Tests.csproj", "{AB1227A3-B080-45B7-8A5E-F8DAC6ACC394}"
EndProject
Global
	GlobalSection(SolutionConfigurationPlatforms) = preSolution
		Debug|Any CPU = Debug|Any CPU
		Debug|x64 = Debug|x64
		Debug|x86 = Debug|x86
		Release|Any CPU = Release|Any CPU
		Release|x64 = Release|x64
		Release|x86 = Release|x86
	EndGlobalSection
	GlobalSection(ProjectConfigurationPlatforms) = postSolution
		{6AF5F167-D771-42AE-8606-DAF311091A9E}.Debug|Any CPU.ActiveCfg = Debug|Any CPU
		{6AF5F167-D771-42AE-8606-DAF311091A9E}.Debug|Any CPU.Build.0 = Debug|Any CPU
		{6AF5F167-D771-42AE-8606-DAF311091A9E}.Debug|x64.ActiveCfg = Debug|Any CPU
		{6AF5F167-D771-42AE-8606-DAF311091A9E}.Debug|x64.Build.0 = Debug|Any CPU
		{6AF5F167-D771-42AE-8606-DAF311091A9E}.Debug|x86.ActiveCfg = Debug|Any CPU
		{6AF5F167-D771-42AE-8606-DAF311091A9E}.Debug|x86.Build.0 = Debug|Any CPU
		{6AF5F167-D771-42AE-8606-DAF311091A9E}.Release|Any CPU.ActiveCfg = Release|Any CPU
		{6AF5F167-D771-42AE-8606-DAF311091A9E}.Release|Any CPU.Build.0 = Release|Any CPU
		{6AF5F167-D771-42AE-8606-DAF311091A9E}.Release|x64.ActiveCfg = Release|Any CPU
		{6AF5F167-D771-42AE-8606-DAF311091A9E}.Release|x64.Build.0 = Release|Any CPU
		{6AF5F167-D771-42AE-8606-DAF311091A9E}.Release|x86.ActiveCfg = Release|Any CPU
		{6AF5F167-D771-42AE-8606-DAF311091A9E}.Release|x86.Build.0 = Release|Any CPU
		{F556CC87-CD6C-4DAB-8C40-FFF7F9EBB2EC}.Debug|Any CPU.ActiveCfg = Debug|Any CPU
		{F556CC87-CD6C-4DAB-8C40-FFF7F9EBB2EC}.Debug|Any CPU.Build.0 = Debug|Any CPU
		{F556CC87-CD6C-4DAB-8C40-FFF7F9EBB2EC}.Debug|x64.ActiveCfg = Debug|Any CPU
		{F556CC87-CD6C-4DAB-8C40-FFF7F9EBB2EC}.Debug|x64.Build.0 = Debug|Any CPU
		{F556CC87-CD6C-4DAB-8C40-FFF7F9EBB2EC}.Debug|x86.ActiveCfg = Debug|Any CPU
		{F556CC87-CD6C-4DAB-8C40-FFF7F9EBB2EC}.Debug|x86.Build.0 = Debug|Any CPU
		{F556CC87-CD6C-4DAB-8C40-FFF7F9EBB2EC}.Release|Any CPU.ActiveCfg = Release|Any CPU
		{F556CC87-CD6C-4DAB-8C40-FFF7F9EBB2EC}.Release|Any CPU.Build.0 = Release|Any CPU
		{F556CC87-CD6C-4DAB-8C40-FFF7F9EBB2EC}.Release|x64.ActiveCfg = Release|Any CPU
		{F556CC87-CD6C-4DAB-8C40-FFF7F9EBB2EC}.Release|x64.Build.0 = Release|Any CPU
		{F556CC87-CD6C-4DAB-8C40-FFF7F9EBB2EC}.Release|x86.ActiveCfg = Release|Any CPU
		{F556CC87-CD6C-4DAB-8C40-FFF7F9EBB2EC}.Release|x86.Build.0 = Release|Any CPU
		{B4BCDFED-BBD0-42B4-8DDB-C9014A9074ED}.Debug|Any CPU.ActiveCfg = Debug|Any CPU
		{B4BCDFED-BBD0-42B4-8DDB-C9014A9074ED}.Debug|Any CPU.Build.0 = Debug|Any CPU
		{B4BCDFED-BBD0-42B4-8DDB-C9014A9074ED}.Debug|x64.ActiveCfg = Debug|Any CPU
		{B4BCDFED-BBD0-42B4-8DDB-C9014A9074ED}.Debug|x64.Build.0 = Debug|Any CPU
		{B4BCDFED-BBD0-42B4-8DDB-C9014A9074ED}.Debug|x86.ActiveCfg = Debug|Any CPU
		{B4BCDFED-BBD0-42B4-8DDB-C9014A9074ED}.Debug|x86.Build.0 = Debug|Any CPU
		{B4BCDFED-BBD0-42B4-8DDB-C9014A9074ED}.Release|Any CPU.ActiveCfg = Release|Any CPU
		{B4BCDFED-BBD0-42B4-8DDB-C9014A9074ED}.Release|Any CPU.Build.0 = Release|Any CPU
		{B4BCDFED-BBD0-42B4-8DDB-C9014A9074ED}.Release|x64.ActiveCfg = Release|Any CPU
		{B4BCDFED-BBD0-42B4-8DDB-C9014A9074ED}.Release|x64.Build.0 = Release|Any CPU
		{B4BCDFED-BBD0-42B4-8DDB-C9014A9074ED}.Release|x86.ActiveCfg = Release|Any CPU
		{B4BCDFED-BBD0-42B4-8DDB-C9014A9074ED}.Release|x86.Build.0 = Release|Any CPU
		{2F993340-6C3B-4DB1-B276-09AD72D93452}.Debug|Any CPU.ActiveCfg = Debug|Any CPU
		{2F993340-6C3B-4DB1-B276-09AD72D93452}.Debug|Any CPU.Build.0 = Debug|Any CPU
		{2F993340-6C3B-4DB1-B276-09AD72D93452}.Debug|x64.ActiveCfg = Debug|Any CPU
		{2F993340-6C3B-4DB1-B276-09AD72D93452}.Debug|x64.Build.0 = Debug|Any CPU
		{2F993340-6C3B-4DB1-B276-09AD72D93452}.Debug|x86.ActiveCfg = Debug|Any CPU
		{2F993340-6C3B-4DB1-B276-09AD72D93452}.Debug|x86.Build.0 = Debug|Any CPU
		{2F993340-6C3B-4DB1-B276-09AD72D93452}.Release|Any CPU.ActiveCfg = Release|Any CPU
		{2F993340-6C3B-4DB1-B276-09AD72D93452}.Release|Any CPU.Build.0 = Release|Any CPU
		{2F993340-6C3B-4DB1-B276-09AD72D93452}.Release|x64.ActiveCfg = Release|Any CPU
		{2F993340-6C3B-4DB1-B276-09AD72D93452}.Release|x64.Build.0 = Release|Any CPU
		{2F993340-6C3B-4DB1-B276-09AD72D93452}.Release|x86.ActiveCfg = Release|Any CPU
		{2F993340-6C3B-4DB1-B276-09AD72D93452}.Release|x86.Build.0 = Release|Any CPU
		{0E9F8937-3B30-4F90-A876-D086A69C553F}.Debug|Any CPU.ActiveCfg = Debug|Any CPU
		{0E9F8937-3B30-4F90-A876-D086A69C553F}.Debug|Any CPU.Build.0 = Debug|Any CPU
		{0E9F8937-3B30-4F90-A876-D086A69C553F}.Debug|x64.ActiveCfg = Debug|Any CPU
		{0E9F8937-3B30-4F90-A876-D086A69C553F}.Debug|x64.Build.0 = Debug|Any CPU
		{0E9F8937-3B30-4F90-A876-D086A69C553F}.Debug|x86.ActiveCfg = Debug|Any CPU
		{0E9F8937-3B30-4F90-A876-D086A69C553F}.Debug|x86.Build.0 = Debug|Any CPU
		{0E9F8937-3B30-4F90-A876-D086A69C553F}.Release|Any CPU.ActiveCfg = Release|Any CPU
		{0E9F8937-3B30-4F90-A876-D086A69C553F}.Release|Any CPU.Build.0 = Release|Any CPU
		{0E9F8937-3B30-4F90-A876-D086A69C553F}.Release|x64.ActiveCfg = Release|Any CPU
		{0E9F8937-3B30-4F90-A876-D086A69C553F}.Release|x64.Build.0 = Release|Any CPU
		{0E9F8937-3B30-4F90-A876-D086A69C553F}.Release|x86.ActiveCfg = Release|Any CPU
		{0E9F8937-3B30-4F90-A876-D086A69C553F}.Release|x86.Build.0 = Release|Any CPU
		{5306ADAD-97BB-4EED-9202-DC3944307434}.Debug|Any CPU.ActiveCfg = Debug|Any CPU
		{5306ADAD-97BB-4EED-9202-DC3944307434}.Debug|Any CPU.Build.0 = Debug|Any CPU
		{5306ADAD-97BB-4EED-9202-DC3944307434}.Debug|x64.ActiveCfg = Debug|Any CPU
		{5306ADAD-97BB-4EED-9202-DC3944307434}.Debug|x64.Build.0 = Debug|Any CPU
		{5306ADAD-97BB-4EED-9202-DC3944307434}.Debug|x86.ActiveCfg = Debug|Any CPU
		{5306ADAD-97BB-4EED-9202-DC3944307434}.Debug|x86.Build.0 = Debug|Any CPU
		{5306ADAD-97BB-4EED-9202-DC3944307434}.Release|Any CPU.ActiveCfg = Release|Any CPU
		{5306ADAD-97BB-4EED-9202-DC3944307434}.Release|Any CPU.Build.0 = Release|Any CPU
		{5306ADAD-97BB-4EED-9202-DC3944307434}.Release|x64.ActiveCfg = Release|Any CPU
		{5306ADAD-97BB-4EED-9202-DC3944307434}.Release|x64.Build.0 = Release|Any CPU
		{5306ADAD-97BB-4EED-9202-DC3944307434}.Release|x86.ActiveCfg = Release|Any CPU
		{5306ADAD-97BB-4EED-9202-DC3944307434}.Release|x86.Build.0 = Release|Any CPU
		{AB1227A3-B080-45B7-8A5E-F8DAC6ACC394}.Debug|Any CPU.ActiveCfg = Debug|Any CPU
		{AB1227A3-B080-45B7-8A5E-F8DAC6ACC394}.Debug|Any CPU.Build.0 = Debug|Any CPU
		{AB1227A3-B080-45B7-8A5E-F8DAC6ACC394}.Debug|x64.ActiveCfg = Debug|Any CPU
		{AB1227A3-B080-45B7-8A5E-F8DAC6ACC394}.Debug|x64.Build.0 = Debug|Any CPU
		{AB1227A3-B080-45B7-8A5E-F8DAC6ACC394}.Debug|x86.ActiveCfg = Debug|Any CPU
		{AB1227A3-B080-45B7-8A5E-F8DAC6ACC394}.Debug|x86.Build.0 = Debug|Any CPU
		{AB1227A3-B080-45B7-8A5E-F8DAC6ACC394}.Release|Any CPU.ActiveCfg = Release|Any CPU
		{AB1227A3-B080-45B7-8A5E-F8DAC6ACC394}.Release|Any CPU.Build.0 = Release|Any CPU
		{AB1227A3-B080-45B7-8A5E-F8DAC6ACC394}.Release|x64.ActiveCfg = Release|Any CPU
		{AB1227A3-B080-45B7-8A5E-F8DAC6ACC394}.Release|x64.Build.0 = Release|Any CPU
		{AB1227A3-B080-45B7-8A5E-F8DAC6ACC394}.Release|x86.ActiveCfg = Release|Any CPU
		{AB1227A3-B080-45B7-8A5E-F8DAC6ACC394}.Release|x86.Build.0 = Release|Any CPU
	EndGlobalSection
	GlobalSection(SolutionProperties) = preSolution
		HideSolutionNode = FALSE
	EndGlobalSection
	GlobalSection(NestedProjects) = preSolution
		{6AF5F167-D771-42AE-8606-DAF311091A9E} = {827E0CD3-B72D-47B6-A68D-7590B98EB39B}
		{F556CC87-CD6C-4DAB-8C40-FFF7F9EBB2EC} = {827E0CD3-B72D-47B6-A68D-7590B98EB39B}
		{B4BCDFED-BBD0-42B4-8DDB-C9014A9074ED} = {827E0CD3-B72D-47B6-A68D-7590B98EB39B}
		{2F993340-6C3B-4DB1-B276-09AD72D93452} = {827E0CD3-B72D-47B6-A68D-7590B98EB39B}
		{0E9F8937-3B30-4F90-A876-D086A69C553F} = {0AB3BF05-4346-4AA6-1389-037BE0695223}
		{5306ADAD-97BB-4EED-9202-DC3944307434} = {0AB3BF05-4346-4AA6-1389-037BE0695223}
		{AB1227A3-B080-45B7-8A5E-F8DAC6ACC394} = {0AB3BF05-4346-4AA6-1389-037BE0695223}
	EndGlobalSection
EndGlobal
