
Microsoft Visual Studio Solution File, Format Version 12.00
Project("{FAE04EC0-301F-11D3-BF4B-00C04F79EFBC}") = "Catalog.Domain", "src\Catalog.Domain\Catalog.Domain.csproj", "{33333333-0000-0000-0000-000000000001}"
EndProject
Project("{FAE04EC0-301F-11D3-BF4B-00C04F79EFBC}") = "Catalog.Application", "src\Catalog.Application\Catalog.Application.csproj", "{33333333-0000-0000-0000-000000000002}"
EndProject
Project("{FAE04EC0-301F-11D3-BF4B-00C04F79EFBC}") = "Catalog.Infrastructure", "src\Catalog.Infrastructure\Catalog.Infrastructure.csproj", "{33333333-0000-0000-0000-000000000003}"
EndProject
Project("{FAE04EC0-301F-11D3-BF4B-00C04F79EFBC}") = "Catalog.Api", "src\Catalog.Api\Catalog.Api.csproj", "{33333333-0000-0000-0000-000000000004}"
EndProject
Project("{FAE04EC0-301F-11D3-BF4B-00C04F79EFBC}") = "Catalog.Worker", "src\Catalog.Worker\Catalog.Worker.csproj", "{33333333-0000-0000-0000-000000000005}"
EndProject
Project("{2150E333-8FDC-42A3-9474-1A3956D46DE8}") = "tests", "tests", "{0AB3BF05-4346-4AA6-1389-037BE0695223}"
EndProject
Project("{FAE04EC0-301F-11D3-BF4B-00C04F79EFBC}") = "Catalog.UnitTests", "tests\Catalog.UnitTests\Catalog.UnitTests.csproj", "{3E9F9723-875D-4435-B167-59BD690C5003}"
EndProject
Project("{2150E333-8FDC-42A3-9474-1A3956D46DE8}") = "src", "src", "{827E0CD3-B72D-47B6-A68D-7590B98EB39B}"
EndProject
Project("{FAE04EC0-301F-11D3-BF4B-00C04F79EFBC}") = "Catalog.IntegrationTests", "tests\Catalog.IntegrationTests\Catalog.IntegrationTests.csproj", "{0AA21A67-29A1-4B9D-AACD-A316786518EE}"
EndProject
Project("{FAE04EC0-301F-11D3-BF4B-00C04F79EFBC}") = "Catalog.ContractTests", "tests\Catalog.ContractTests\Catalog.ContractTests.csproj", "{D9695765-5F0D-454E-8DB7-AA78478549B4}"
EndProject
Project("{FAE04EC0-301F-11D3-BF4B-00C04F79EFBC}") = "Catalog.Contracts", "..\..\shared\contracts\Catalog.Contracts\Catalog.Contracts.csproj", "{3720A5C8-068C-46C3-92C9-35FA9B5EDBE1}"
EndProject
Project("{FAE04EC0-301F-11D3-BF4B-00C04F79EFBC}") = "BuildingBlocks", "..\..\shared\BuildingBlocks\BuildingBlocks.csproj", "{0CFA4B64-CABE-4625-A092-5507EEACC795}"
EndProject
Project("{FAE04EC0-301F-11D3-BF4B-00C04F79EFBC}") = "Orders.Contracts", "..\..\shared\contracts\Orders.Contracts\Orders.Contracts.csproj", "{A4621931-A87F-4FC2-9676-2D8B870DFD6C}"
EndProject
Global
	GlobalSection(SolutionConfigurationPlatforms) = preSolution
		Debug|Any CPU = Debug|Any CPU
		Debug|x64 = Debug|x64
		Debug|x86 = Debug|x86
		Release|Any CPU = Release|Any CPU
		Release|x64 = Release|x64
		Release|x86 = Release|x86
	EndGlobalSection
	GlobalSection(ProjectConfigurationPlatforms) = postSolution
		{33333333-0000-0000-0000-000000000001}.Debug|Any CPU.ActiveCfg = Debug|Any CPU
		{33333333-0000-0000-0000-000000000001}.Debug|Any CPU.Build.0 = Debug|Any CPU
		{33333333-0000-0000-0000-000000000001}.Debug|x64.ActiveCfg = Debug|Any CPU
		{33333333-0000-0000-0000-000000000001}.Debug|x64.Build.0 = Debug|Any CPU
		{33333333-0000-0000-0000-000000000001}.Debug|x86.ActiveCfg = Debug|Any CPU
		{33333333-0000-0000-0000-000000000001}.Debug|x86.Build.0 = Debug|Any CPU
		{33333333-0000-0000-0000-000000000001}.Release|Any CPU.ActiveCfg = Release|Any CPU
		{33333333-0000-0000-0000-000000000001}.Release|Any CPU.Build.0 = Release|Any CPU
		{33333333-0000-0000-0000-000000000001}.Release|x64.ActiveCfg = Release|Any CPU
		{33333333-0000-0000-0000-000000000001}.Release|x64.Build.0 = Release|Any CPU
		{33333333-0000-0000-0000-000000000001}.Release|x86.ActiveCfg = Release|Any CPU
		{33333333-0000-0000-0000-000000000001}.Release|x86.Build.0 = Release|Any CPU
		{33333333-0000-0000-0000-000000000002}.Debug|Any CPU.ActiveCfg = Debug|Any CPU
		{33333333-0000-0000-0000-000000000002}.Debug|Any CPU.Build.0 = Debug|Any CPU
		{33333333-0000-0000-0000-000000000002}.Debug|x64.ActiveCfg = Debug|Any CPU
		{33333333-0000-0000-0000-000000000002}.Debug|x64.Build.0 = Debug|Any CPU
		{33333333-0000-0000-0000-000000000002}.Debug|x86.ActiveCfg = Debug|Any CPU
		{33333333-0000-0000-0000-000000000002}.Debug|x86.Build.0 = Debug|Any CPU
		{33333333-0000-0000-0000-000000000002}.Release|Any CPU.ActiveCfg = Release|Any CPU
		{33333333-0000-0000-0000-000000000002}.Release|Any CPU.Build.0 = Release|Any CPU
		{33333333-0000-0000-0000-000000000002}.Release|x64.ActiveCfg = Release|Any CPU
		{33333333-0000-0000-0000-000000000002}.Release|x64.Build.0 = Release|Any CPU
		{33333333-0000-0000-0000-000000000002}.Release|x86.ActiveCfg = Release|Any CPU
		{33333333-0000-0000-0000-000000000002}.Release|x86.Build.0 = Release|Any CPU
		{33333333-0000-0000-0000-000000000003}.Debug|Any CPU.ActiveCfg = Debug|Any CPU
		{33333333-0000-0000-0000-000000000003}.Debug|Any CPU.Build.0 = Debug|Any CPU
		{33333333-0000-0000-0000-000000000003}.Debug|x64.ActiveCfg = Debug|Any CPU
		{33333333-0000-0000-0000-000000000003}.Debug|x64.Build.0 = Debug|Any CPU
		{33333333-0000-0000-0000-000000000003}.Debug|x86.ActiveCfg = Debug|Any CPU
		{33333333-0000-0000-0000-000000000003}.Debug|x86.Build.0 = Debug|Any CPU
		{33333333-0000-0000-0000-000000000003}.Release|Any CPU.ActiveCfg = Release|Any CPU
		{33333333-0000-0000-0000-000000000003}.Release|Any CPU.Build.0 = Release|Any CPU
		{33333333-0000-0000-0000-000000000003}.Release|x64.ActiveCfg = Release|Any CPU
		{33333333-0000-0000-0000-000000000003}.Release|x64.Build.0 = Release|Any CPU
		{33333333-0000-0000-0000-000000000003}.Release|x86.ActiveCfg = Release|Any CPU
		{33333333-0000-0000-0000-000000000003}.Release|x86.Build.0 = Release|Any CPU
		{33333333-0000-0000-0000-000000000004}.Debug|Any CPU.ActiveCfg = Debug|Any CPU
		{33333333-0000-0000-0000-000000000004}.Debug|Any CPU.Build.0 = Debug|Any CPU
		{33333333-0000-0000-0000-000000000004}.Debug|x64.ActiveCfg = Debug|Any CPU
		{33333333-0000-0000-0000-000000000004}.Debug|x64.Build.0 = Debug|Any CPU
		{33333333-0000-0000-0000-000000000004}.Debug|x86.ActiveCfg = Debug|Any CPU
		{33333333-0000-0000-0000-000000000004}.Debug|x86.Build.0 = Debug|Any CPU
		{33333333-0000-0000-0000-000000000004}.Release|Any CPU.ActiveCfg = Release|Any CPU
		{33333333-0000-0000-0000-000000000004}.Release|Any CPU.Build.0 = Release|Any CPU
		{33333333-0000-0000-0000-000000000004}.Release|x64.ActiveCfg = Release|Any CPU
		{33333333-0000-0000-0000-000000000004}.Release|x64.Build.0 = Release|Any CPU
		{33333333-0000-0000-0000-000000000004}.Release|x86.ActiveCfg = Release|Any CPU
		{33333333-0000-0000-0000-000000000004}.Release|x86.Build.0 = Release|Any CPU
		{33333333-0000-0000-0000-000000000005}.Debug|Any CPU.ActiveCfg = Debug|Any CPU
		{33333333-0000-0000-0000-000000000005}.Debug|Any CPU.Build.0 = Debug|Any CPU
		{33333333-0000-0000-0000-000000000005}.Debug|x64.ActiveCfg = Debug|Any CPU
		{33333333-0000-0000-0000-000000000005}.Debug|x64.Build.0 = Debug|Any CPU
		{33333333-0000-0000-0000-000000000005}.Debug|x86.ActiveCfg = Debug|Any CPU
		{33333333-0000-0000-0000-000000000005}.Debug|x86.Build.0 = Debug|Any CPU
		{33333333-0000-0000-0000-000000000005}.Release|Any CPU.ActiveCfg = Release|Any CPU
		{33333333-0000-0000-0000-000000000005}.Release|Any CPU.Build.0 = Release|Any CPU
		{33333333-0000-0000-0000-000000000005}.Release|x64.ActiveCfg = Release|Any CPU
		{33333333-0000-0000-0000-000000000005}.Release|x64.Build.0 = Release|Any CPU
		{33333333-0000-0000-0000-000000000005}.Release|x86.ActiveCfg = Release|Any CPU
		{33333333-0000-0000-0000-000000000005}.Release|x86.Build.0 = Release|Any CPU
		{3E9F9723-875D-4435-B167-59BD690C5003}.Debug|Any CPU.ActiveCfg = Debug|Any CPU
		{3E9F9723-875D-4435-B167-59BD690C5003}.Debug|Any CPU.Build.0 = Debug|Any CPU
		{3E9F9723-875D-4435-B167-59BD690C5003}.Debug|x64.ActiveCfg = Debug|Any CPU
		{3E9F9723-875D-4435-B167-59BD690C5003}.Debug|x64.Build.0 = Debug|Any CPU
		{3E9F9723-875D-4435-B167-59BD690C5003}.Debug|x86.ActiveCfg = Debug|Any CPU
		{3E9F9723-875D-4435-B167-59BD690C5003}.Debug|x86.Build.0 = Debug|Any CPU
		{3E9F9723-875D-4435-B167-59BD690C5003}.Release|Any CPU.ActiveCfg = Release|Any CPU
		{3E9F9723-875D-4435-B167-59BD690C5003}.Release|Any CPU.Build.0 = Release|Any CPU
		{3E9F9723-875D-4435-B167-59BD690C5003}.Release|x64.ActiveCfg = Release|Any CPU
		{3E9F9723-875D-4435-B167-59BD690C5003}.Release|x64.Build.0 = Release|Any CPU
		{3E9F9723-875D-4435-B167-59BD690C5003}.Release|x86.ActiveCfg = Release|Any CPU
		{3E9F9723-875D-4435-B167-59BD690C5003}.Release|x86.Build.0 = Release|Any CPU
		{0AA21A67-29A1-4B9D-AACD-A316786518EE}.Debug|Any CPU.ActiveCfg = Debug|Any CPU
		{0AA21A67-29A1-4B9D-AACD-A316786518EE}.Debug|Any CPU.Build.0 = Debug|Any CPU
		{0AA21A67-29A1-4B9D-AACD-A316786518EE}.Debug|x64.ActiveCfg = Debug|Any CPU
		{0AA21A67-29A1-4B9D-AACD-A316786518EE}.Debug|x64.Build.0 = Debug|Any CPU
		{0AA21A67-29A1-4B9D-AACD-A316786518EE}.Debug|x86.ActiveCfg = Debug|Any CPU
		{0AA21A67-29A1-4B9D-AACD-A316786518EE}.Debug|x86.Build.0 = Debug|Any CPU
		{0AA21A67-29A1-4B9D-AACD-A316786518EE}.Release|Any CPU.ActiveCfg = Release|Any CPU
		{0AA21A67-29A1-4B9D-AACD-A316786518EE}.Release|Any CPU.Build.0 = Release|Any CPU
		{0AA21A67-29A1-4B9D-AACD-A316786518EE}.Release|x64.ActiveCfg = Release|Any CPU
		{0AA21A67-29A1-4B9D-AACD-A316786518EE}.Release|x64.Build.0 = Release|Any CPU
		{0AA21A67-29A1-4B9D-AACD-A316786518EE}.Release|x86.ActiveCfg = Release|Any CPU
		{0AA21A67-29A1-4B9D-AACD-A316786518EE}.Release|x86.Build.0 = Release|Any CPU
		{D9695765-5F0D-454E-8DB7-AA78478549B4}.Debug|Any CPU.ActiveCfg = Debug|Any CPU
		{D9695765-5F0D-454E-8DB7-AA78478549B4}.Debug|Any CPU.Build.0 = Debug|Any CPU
		{D9695765-5F0D-454E-8DB7-AA78478549B4}.Debug|x64.ActiveCfg = Debug|Any CPU
		{D9695765-5F0D-454E-8DB7-AA78478549B4}.Debug|x64.Build.0 = Debug|Any CPU
		{D9695765-5F0D-454E-8DB7-AA78478549B4}.Debug|x86.ActiveCfg = Debug|Any CPU
		{D9695765-5F0D-454E-8DB7-AA78478549B4}.Debug|x86.Build.0 = Debug|Any CPU
		{D9695765-5F0D-454E-8DB7-AA78478549B4}.Release|Any CPU.ActiveCfg = Release|Any CPU
		{D9695765-5F0D-454E-8DB7-AA78478549B4}.Release|Any CPU.Build.0 = Release|Any CPU
		{D9695765-5F0D-454E-8DB7-AA78478549B4}.Release|x64.ActiveCfg = Release|Any CPU
		{D9695765-5F0D-454E-8DB7-AA78478549B4}.Release|x64.Build.0 = Release|Any CPU
		{D9695765-5F0D-454E-8DB7-AA78478549B4}.Release|x86.ActiveCfg = Release|Any CPU
		{D9695765-5F0D-454E-8DB7-AA78478549B4}.Release|x86.Build.0 = Release|Any CPU
		{3720A5C8-068C-46C3-92C9-35FA9B5EDBE1}.Debug|Any CPU.ActiveCfg = Debug|Any CPU
		{3720A5C8-068C-46C3-92C9-35FA9B5EDBE1}.Debug|Any CPU.Build.0 = Debug|Any CPU
		{3720A5C8-068C-46C3-92C9-35FA9B5EDBE1}.Debug|x64.ActiveCfg = Debug|Any CPU
		{3720A5C8-068C-46C3-92C9-35FA9B5EDBE1}.Debug|x64.Build.0 = Debug|Any CPU
		{3720A5C8-068C-46C3-92C9-35FA9B5EDBE1}.Debug|x86.ActiveCfg = Debug|Any CPU
		{3720A5C8-068C-46C3-92C9-35FA9B5EDBE1}.Debug|x86.Build.0 = Debug|Any CPU
		{3720A5C8-068C-46C3-92C9-35FA9B5EDBE1}.Release|Any CPU.ActiveCfg = Release|Any CPU
		{3720A5C8-068C-46C3-92C9-35FA9B5EDBE1}.Release|Any CPU.Build.0 = Release|Any CPU
		{3720A5C8-068C-46C3-92C9-35FA9B5EDBE1}.Release|x64.ActiveCfg = Release|Any CPU
		{3720A5C8-068C-46C3-92C9-35FA9B5EDBE1}.Release|x64.Build.0 = Release|Any CPU
		{3720A5C8-068C-46C3-92C9-35FA9B5EDBE1}.Release|x86.ActiveCfg = Release|Any CPU
		{3720A5C8-068C-46C3-92C9-35FA9B5EDBE1}.Release|x86.Build.0 = Release|Any CPU
		{0CFA4B64-CABE-4625-A092-5507EEACC795}.Debug|Any CPU.ActiveCfg = Debug|Any CPU
		{0CFA4B64-CABE-4625-A092-5507EEACC795}.Debug|Any CPU.Build.0 = Debug|Any CPU
		{0CFA4B64-CABE-4625-A092-5507EEACC795}.Debug|x64.ActiveCfg = Debug|Any CPU
		{0CFA4B64-CABE-4625-A092-5507EEACC795}.Debug|x64.Build.0 = Debug|Any CPU
		{0CFA4B64-CABE-4625-A092-5507EEACC795}.Debug|x86.ActiveCfg = Debug|Any CPU
		{0CFA4B64-CABE-4625-A092-5507EEACC795}.Debug|x86.Build.0 = Debug|Any CPU
		{0CFA4B64-CABE-4625-A092-5507EEACC795}.Release|Any CPU.ActiveCfg = Release|Any CPU
		{0CFA4B64-CABE-4625-A092-5507EEACC795}.Release|Any CPU.Build.0 = Release|Any CPU
		{0CFA4B64-CABE-4625-A092-5507EEACC795}.Release|x64.ActiveCfg = Release|Any CPU
		{0CFA4B64-CABE-4625-A092-5507EEACC795}.Release|x64.Build.0 = Release|Any CPU
		{0CFA4B64-CABE-4625-A092-5507EEACC795}.Release|x86.ActiveCfg = Release|Any CPU
		{0CFA4B64-CABE-4625-A092-5507EEACC795}.Release|x86.Build.0 = Release|Any CPU
		{A4621931-A87F-4FC2-9676-2D8B870DFD6C}.Debug|Any CPU.ActiveCfg = Debug|Any CPU
		{A4621931-A87F-4FC2-9676-2D8B870DFD6C}.Debug|Any CPU.Build.0 = Debug|Any CPU
		{A4621931-A87F-4FC2-9676-2D8B870DFD6C}.Debug|x64.ActiveCfg = Debug|Any CPU
		{A4621931-A87F-4FC2-9676-2D8B870DFD6C}.Debug|x64.Build.0 = Debug|Any CPU
		{A4621931-A87F-4FC2-9676-2D8B870DFD6C}.Debug|x86.ActiveCfg = Debug|Any CPU
		{A4621931-A87F-4FC2-9676-2D8B870DFD6C}.Debug|x86.Build.0 = Debug|Any CPU
		{A4621931-A87F-4FC2-9676-2D8B870DFD6C}.Release|Any CPU.ActiveCfg = Release|Any CPU
		{A4621931-A87F-4FC2-9676-2D8B870DFD6C}.Release|Any CPU.Build.0 = Release|Any CPU
		{A4621931-A87F-4FC2-9676-2D8B870DFD6C}.Release|x64.ActiveCfg = Release|Any CPU
		{A4621931-A87F-4FC2-9676-2D8B870DFD6C}.Release|x64.Build.0 = Release|Any CPU
		{A4621931-A87F-4FC2-9676-2D8B870DFD6C}.Release|x86.ActiveCfg = Release|Any CPU
		{A4621931-A87F-4FC2-9676-2D8B870DFD6C}.Release|x86.Build.0 = Release|Any CPU
	EndGlobalSection
	GlobalSection(SolutionProperties) = preSolution
		HideSolutionNode = FALSE
	EndGlobalSection
	GlobalSection(NestedProjects) = preSolution
		{3E9F9723-875D-4435-B167-59BD690C5003} = {0AB3BF05-4346-4AA6-1389-037BE0695223}
		{0AA21A67-29A1-4B9D-AACD-A316786518EE} = {0AB3BF05-4346-4AA6-1389-037BE0695223}
		{D9695765-5F0D-454E-8DB7-AA78478549B4} = {0AB3BF05-4346-4AA6-1389-037BE0695223}
	EndGlobalSection
EndGlobal
