Microsoft Visual Studio Solution File, Format Version 12.00
Project("{FAE04EC0-301F-11D3-BF4B-00C04F79EFBC}") = "Orders.Domain", "src\Orders.Domain\Orders.Domain.csproj", "{44444444-0000-0000-0000-000000000001}"
EndProject
Project("{FAE04EC0-301F-11D3-BF4B-00C04F79EFBC}") = "Orders.Application", "src\Orders.Application\Orders.Application.csproj", "{44444444-0000-0000-0000-000000000002}"
EndProject
Project("{FAE04EC0-301F-11D3-BF4B-00C04F79EFBC}") = "Orders.Infrastructure", "src\Orders.Infrastructure\Orders.Infrastructure.csproj", "{44444444-0000-0000-0000-000000000003}"
EndProject
Project("{FAE04EC0-301F-11D3-BF4B-00C04F79EFBC}") = "Orders.Api", "src\Orders.Api\Orders.Api.csproj", "{44444444-0000-0000-0000-000000000004}"
EndProject
Project("{FAE04EC0-301F-11D3-BF4B-00C04F79EFBC}") = "Orders.Worker", "src\Orders.Worker\Orders.Worker.csproj", "{44444444-0000-0000-0000-000000000005}"
EndProject
Global
	GlobalSection(SolutionConfigurationPlatforms) = preSolution
		Debug|Any CPU = Debug|Any CPU
		Release|Any CPU = Release|Any CPU
	EndGlobalSection
	GlobalSection(ProjectConfigurationPlatforms) = postSolution
		{44444444-0000-0000-0000-000000000001}.Debug|Any CPU.ActiveCfg = Debug|Any CPU
		{44444444-0000-0000-0000-000000000001}.Debug|Any CPU.Build.0 = Debug|Any CPU
		{44444444-0000-0000-0000-000000000001}.Release|Any CPU.ActiveCfg = Release|Any CPU
		{44444444-0000-0000-0000-000000000001}.Release|Any CPU.Build.0 = Release|Any CPU
		{44444444-0000-0000-0000-000000000002}.Debug|Any CPU.ActiveCfg = Debug|Any CPU
		{44444444-0000-0000-0000-000000000002}.Debug|Any CPU.Build.0 = Debug|Any CPU
		{44444444-0000-0000-0000-000000000002}.Release|Any CPU.ActiveCfg = Release|Any CPU
		{44444444-0000-0000-0000-000000000002}.Release|Any CPU.Build.0 = Release|Any CPU
		{44444444-0000-0000-0000-000000000003}.Debug|Any CPU.ActiveCfg = Debug|Any CPU
		{44444444-0000-0000-0000-000000000003}.Debug|Any CPU.Build.0 = Debug|Any CPU
		{44444444-0000-0000-0000-000000000003}.Release|Any CPU.ActiveCfg = Release|Any CPU
		{44444444-0000-0000-0000-000000000003}.Release|Any CPU.Build.0 = Release|Any CPU
		{44444444-0000-0000-0000-000000000004}.Debug|Any CPU.ActiveCfg = Debug|Any CPU
		{44444444-0000-0000-0000-000000000004}.Debug|Any CPU.Build.0 = Debug|Any CPU
		{44444444-0000-0000-0000-000000000004}.Release|Any CPU.ActiveCfg = Release|Any CPU
		{44444444-0000-0000-0000-000000000004}.Release|Any CPU.Build.0 = Release|Any CPU
		{44444444-0000-0000-0000-000000000005}.Debug|Any CPU.ActiveCfg = Debug|Any CPU
		{44444444-0000-0000-0000-000000000005}.Debug|Any CPU.Build.0 = Debug|Any CPU
		{44444444-0000-0000-0000-000000000005}.Release|Any CPU.ActiveCfg = Release|Any CPU
		{44444444-0000-0000-0000-000000000005}.Release|Any CPU.Build.0 = Release|Any CPU
	EndGlobalSection
EndGlobal
