
Microsoft Visual Studio Solution File, Format Version 12.00
Project("{FAE04EC0-301F-11D3-BF4B-00C04F79EFBC}") = "Platform.Domain", "src\Platform.Domain\Platform.Domain.csproj", "{22222222-0000-0000-0000-000000000001}"
EndProject
Project("{FAE04EC0-301F-11D3-BF4B-00C04F79EFBC}") = "Platform.Application", "src\Platform.Application\Platform.Application.csproj", "{22222222-0000-0000-0000-000000000002}"
EndProject
Project("{FAE04EC0-301F-11D3-BF4B-00C04F79EFBC}") = "Platform.Infrastructure", "src\Platform.Infrastructure\Platform.Infrastructure.csproj", "{22222222-0000-0000-0000-000000000003}"
EndProject
Project("{FAE04EC0-301F-11D3-BF4B-00C04F79EFBC}") = "Platform.Api", "src\Platform.Api\Platform.Api.csproj", "{22222222-0000-0000-0000-000000000004}"
EndProject
Project("{FAE04EC0-301F-11D3-BF4B-00C04F79EFBC}") = "BuildingBlocks", "..\..\shared\BuildingBlocks\BuildingBlocks.csproj", "{99999999-0000-0000-0000-000000000001}"
EndProject
Project("{FAE04EC0-301F-11D3-BF4B-00C04F79EFBC}") = "Platform.Contracts", "..\..\shared\contracts\Platform.Contracts\Platform.Contracts.csproj", "{99999999-0000-0000-0000-000000000003}"
EndProject
Project("{2150E333-8FDC-42A3-9474-1A3956D46DE8}") = "tests", "tests", "{0AB3BF05-4346-4AA6-1389-037BE0695223}"
EndProject
Project("{FAE04EC0-301F-11D3-BF4B-00C04F79EFBC}") = "Platform.UnitTests", "tests\Platform.UnitTests\Platform.UnitTests.csproj", "{10175514-1FAE-4473-8D5E-6E51BE70F021}"
EndProject
Project("{2150E333-8FDC-42A3-9474-1A3956D46DE8}") = "src", "src", "{827E0CD3-B72D-47B6-A68D-7590B98EB39B}"
EndProject
Global
	GlobalSection(SolutionConfigurationPlatforms) = preSolution
		Debug|Any CPU = Debug|Any CPU
		Debug|x64 = Debug|x64
		Debug|x86 = Debug|x86
		Release|Any CPU = Release|Any CPU
		Release|x64 = Release|x64
		Release|x86 = Release|x86
	EndGlobalSection
	GlobalSection(ProjectConfigurationPlatforms) = postSolution
		{22222222-0000-0000-0000-000000000001}.Debug|Any CPU.ActiveCfg = Debug|Any CPU
		{22222222-0000-0000-0000-000000000001}.Debug|Any CPU.Build.0 = Debug|Any CPU
		{22222222-0000-0000-0000-000000000001}.Debug|x64.ActiveCfg = Debug|Any CPU
		{22222222-0000-0000-0000-000000000001}.Debug|x64.Build.0 = Debug|Any CPU
		{22222222-0000-0000-0000-000000000001}.Debug|x86.ActiveCfg = Debug|Any CPU
		{22222222-0000-0000-0000-000000000001}.Debug|x86.Build.0 = Debug|Any CPU
		{22222222-0000-0000-0000-000000000001}.Release|Any CPU.ActiveCfg = Release|Any CPU
		{22222222-0000-0000-0000-000000000001}.Release|Any CPU.Build.0 = Release|Any CPU
		{22222222-0000-0000-0000-000000000001}.Release|x64.ActiveCfg = Release|Any CPU
		{22222222-0000-0000-0000-000000000001}.Release|x64.Build.0 = Release|Any CPU
		{22222222-0000-0000-0000-000000000001}.Release|x86.ActiveCfg = Release|Any CPU
		{22222222-0000-0000-0000-000000000001}.Release|x86.Build.0 = Release|Any CPU
		{22222222-0000-0000-0000-000000000002}.Debug|Any CPU.ActiveCfg = Debug|Any CPU
		{22222222-0000-0000-0000-000000000002}.Debug|Any CPU.Build.0 = Debug|Any CPU
		{22222222-0000-0000-0000-000000000002}.Debug|x64.ActiveCfg = Debug|Any CPU
		{22222222-0000-0000-0000-000000000002}.Debug|x64.Build.0 = Debug|Any CPU
		{22222222-0000-0000-0000-000000000002}.Debug|x86.ActiveCfg = Debug|Any CPU
		{22222222-0000-0000-0000-000000000002}.Debug|x86.Build.0 = Debug|Any CPU
		{22222222-0000-0000-0000-000000000002}.Release|Any CPU.ActiveCfg = Release|Any CPU
		{22222222-0000-0000-0000-000000000002}.Release|Any CPU.Build.0 = Release|Any CPU
		{22222222-0000-0000-0000-000000000002}.Release|x64.ActiveCfg = Release|Any CPU
		{22222222-0000-0000-0000-000000000002}.Release|x64.Build.0 = Release|Any CPU
		{22222222-0000-0000-0000-000000000002}.Release|x86.ActiveCfg = Release|Any CPU
		{22222222-0000-0000-0000-000000000002}.Release|x86.Build.0 = Release|Any CPU
		{22222222-0000-0000-0000-000000000003}.Debug|Any CPU.ActiveCfg = Debug|Any CPU
		{22222222-0000-0000-0000-000000000003}.Debug|Any CPU.Build.0 = Debug|Any CPU
		{22222222-0000-0000-0000-000000000003}.Debug|x64.ActiveCfg = Debug|Any CPU
		{22222222-0000-0000-0000-000000000003}.Debug|x64.Build.0 = Debug|Any CPU
		{22222222-0000-0000-0000-000000000003}.Debug|x86.ActiveCfg = Debug|Any CPU
		{22222222-0000-0000-0000-000000000003}.Debug|x86.Build.0 = Debug|Any CPU
		{22222222-0000-0000-0000-000000000003}.Release|Any CPU.ActiveCfg = Release|Any CPU
		{22222222-0000-0000-0000-000000000003}.Release|Any CPU.Build.0 = Release|Any CPU
		{22222222-0000-0000-0000-000000000003}.Release|x64.ActiveCfg = Release|Any CPU
		{22222222-0000-0000-0000-000000000003}.Release|x64.Build.0 = Release|Any CPU
		{22222222-0000-0000-0000-000000000003}.Release|x86.ActiveCfg = Release|Any CPU
		{22222222-0000-0000-0000-000000000003}.Release|x86.Build.0 = Release|Any CPU
		{22222222-0000-0000-0000-000000000004}.Debug|Any CPU.ActiveCfg = Debug|Any CPU
		{22222222-0000-0000-0000-000000000004}.Debug|Any CPU.Build.0 = Debug|Any CPU
		{22222222-0000-0000-0000-000000000004}.Debug|x64.ActiveCfg = Debug|Any CPU
		{22222222-0000-0000-0000-000000000004}.Debug|x64.Build.0 = Debug|Any CPU
		{22222222-0000-0000-0000-000000000004}.Debug|x86.ActiveCfg = Debug|Any CPU
		{22222222-0000-0000-0000-000000000004}.Debug|x86.Build.0 = Debug|Any CPU
		{22222222-0000-0000-0000-000000000004}.Release|Any CPU.ActiveCfg = Release|Any CPU
		{22222222-0000-0000-0000-000000000004}.Release|Any CPU.Build.0 = Release|Any CPU
		{22222222-0000-0000-0000-000000000004}.Release|x64.ActiveCfg = Release|Any CPU
		{22222222-0000-0000-0000-000000000004}.Release|x64.Build.0 = Release|Any CPU
		{22222222-0000-0000-0000-000000000004}.Release|x86.ActiveCfg = Release|Any CPU
		{22222222-0000-0000-0000-000000000004}.Release|x86.Build.0 = Release|Any CPU
		{99999999-0000-0000-0000-000000000001}.Debug|Any CPU.ActiveCfg = Debug|Any CPU
		{99999999-0000-0000-0000-000000000001}.Debug|Any CPU.Build.0 = Debug|Any CPU
		{99999999-0000-0000-0000-000000000001}.Debug|x64.ActiveCfg = Debug|Any CPU
		{99999999-0000-0000-0000-000000000001}.Debug|x64.Build.0 = Debug|Any CPU
		{99999999-0000-0000-0000-000000000001}.Debug|x86.ActiveCfg = Debug|Any CPU
		{99999999-0000-0000-0000-000000000001}.Debug|x86.Build.0 = Debug|Any CPU
		{99999999-0000-0000-0000-000000000001}.Release|Any CPU.ActiveCfg = Release|Any CPU
		{99999999-0000-0000-0000-000000000001}.Release|Any CPU.Build.0 = Release|Any CPU
		{99999999-0000-0000-0000-000000000001}.Release|x64.ActiveCfg = Release|Any CPU
		{99999999-0000-0000-0000-000000000001}.Release|x64.Build.0 = Release|Any CPU
		{99999999-0000-0000-0000-000000000001}.Release|x86.ActiveCfg = Release|Any CPU
		{99999999-0000-0000-0000-000000000001}.Release|x86.Build.0 = Release|Any CPU
		{99999999-0000-0000-0000-000000000003}.Debug|Any CPU.ActiveCfg = Debug|Any CPU
		{99999999-0000-0000-0000-000000000003}.Debug|Any CPU.Build.0 = Debug|Any CPU
		{99999999-0000-0000-0000-000000000003}.Debug|x64.ActiveCfg = Debug|Any CPU
		{99999999-0000-0000-0000-000000000003}.Debug|x64.Build.0 = Debug|Any CPU
		{99999999-0000-0000-0000-000000000003}.Debug|x86.ActiveCfg = Debug|Any CPU
		{99999999-0000-0000-0000-000000000003}.Debug|x86.Build.0 = Debug|Any CPU
		{99999999-0000-0000-0000-000000000003}.Release|Any CPU.ActiveCfg = Release|Any CPU
		{99999999-0000-0000-0000-000000000003}.Release|Any CPU.Build.0 = Release|Any CPU
		{99999999-0000-0000-0000-000000000003}.Release|x64.ActiveCfg = Release|Any CPU
		{99999999-0000-0000-0000-000000000003}.Release|x64.Build.0 = Release|Any CPU
		{99999999-0000-0000-0000-000000000003}.Release|x86.ActiveCfg = Release|Any CPU
		{99999999-0000-0000-0000-000000000003}.Release|x86.Build.0 = Release|Any CPU
		{10175514-1FAE-4473-8D5E-6E51BE70F021}.Debug|Any CPU.ActiveCfg = Debug|Any CPU
		{10175514-1FAE-4473-8D5E-6E51BE70F021}.Debug|Any CPU.Build.0 = Debug|Any CPU
		{10175514-1FAE-4473-8D5E-6E51BE70F021}.Debug|x64.ActiveCfg = Debug|Any CPU
		{10175514-1FAE-4473-8D5E-6E51BE70F021}.Debug|x64.Build.0 = Debug|Any CPU
		{10175514-1FAE-4473-8D5E-6E51BE70F021}.Debug|x86.ActiveCfg = Debug|Any CPU
		{10175514-1FAE-4473-8D5E-6E51BE70F021}.Debug|x86.Build.0 = Debug|Any CPU
		{10175514-1FAE-4473-8D5E-6E51BE70F021}.Release|Any CPU.ActiveCfg = Release|Any CPU
		{10175514-1FAE-4473-8D5E-6E51BE70F021}.Release|Any CPU.Build.0 = Release|Any CPU
		{10175514-1FAE-4473-8D5E-6E51BE70F021}.Release|x64.ActiveCfg = Release|Any CPU
		{10175514-1FAE-4473-8D5E-6E51BE70F021}.Release|x64.Build.0 = Release|Any CPU
		{10175514-1FAE-4473-8D5E-6E51BE70F021}.Release|x86.ActiveCfg = Release|Any CPU
		{10175514-1FAE-4473-8D5E-6E51BE70F021}.Release|x86.Build.0 = Release|Any CPU
	EndGlobalSection
	GlobalSection(SolutionProperties) = preSolution
		HideSolutionNode = FALSE
	EndGlobalSection
	GlobalSection(NestedProjects) = preSolution
		{10175514-1FAE-4473-8D5E-6E51BE70F021} = {0AB3BF05-4346-4AA6-1389-037BE0695223}
	EndGlobalSection
EndGlobal
